
Microsoft Visual Studio Solution File, Format Version 12.00
# Visual Studio Version 17
VisualStudioVersion = 17.0.31903.59
MinimumVisualStudioVersion = 10.0.40219.1
Project("{2150E333-8FDC-42A3-9474-1A3956D46DE8}") = "src", "src", "{827E0CD3-B72D-47B6-A68D-7590B98EB39B}"
EndProject
Project("{FAE04EC0-301F-11D3-BF4B-00C04F79EFBC}") = "HlsParser", "src\HlsParser\HlsParser.csproj", "{449A7458-2298-40DD-B1BE-582FA3E9A37A}"
EndProject
Project("{FAE04EC0-301F-11D3-BF4B-00C04F79EFBC}") = "HlsParser.Tests", "tests\HlsParser.Tests\HlsParser.Tests.csproj", "{89FF995B-B3AE-4802-AF2A-653B1AF4CC0F}"
EndProject
Project("{FAE04EC0-301F-11D3-BF4B-00C04F79EFBC}") = "HlsParser.CommandLine", "src\HlsParser.CommandLine\HlsParser.CommandLine.csproj", "{01D14110-3051-4EA3-A33E-D50DF2ED4BD2}"
EndProject
Project("{FAE04EC0-301F-11D3-BF4B-00C04F79EFBC}") = "HlsParser.Abstractions", "src\HlsParser.Abstractions\HlsParser.Abstractions.csproj", "{54BF71B1-4A23-0C10-866F-3FC31EA74B96}"
EndProject
Project("{FAE04EC0-301F-11D3-BF4B-00C04F79EFBC}") = "HlsParser.Samples.DependencyInjection", "samples\HlsParser.Samples.DependencyInjection\HlsParser.Samples.DependencyInjection.csproj", "{AC4D43E3-EF7F-D56A-1361-4EF882CFA59C}"
EndProject
Global
	GlobalSection(SolutionConfigurationPlatforms) = preSolution
		Debug|Any CPU = Debug|Any CPU
		Debug|x64 = Debug|x64
		Debug|x86 = Debug|x86
		Release|Any CPU = Release|Any CPU
		Release|x64 = Release|x64
		Release|x86 = Release|x86
	EndGlobalSection
	GlobalSection(ProjectConfigurationPlatforms) = postSolution
		{449A7458-2298-40DD-B1BE-582FA3E9A37A}.Debug|Any CPU.ActiveCfg = Debug|Any CPU
		{449A7458-2298-40DD-B1BE-582FA3E9A37A}.Debug|Any CPU.Build.0 = Debug|Any CPU
		{449A7458-2298-40DD-B1BE-582FA3E9A37A}.Debug|x64.ActiveCfg = Debug|Any CPU
		{449A7458-2298-40DD-B1BE-582FA3E9A37A}.Debug|x64.Build.0 = Debug|Any CPU
		{449A7458-2298-40DD-B1BE-582FA3E9A37A}.Debug|x86.ActiveCfg = Debug|Any CPU
		{449A7458-2298-40DD-B1BE-582FA3E9A37A}.Debug|x86.Build.0 = Debug|Any CPU
		{449A7458-2298-40DD-B1BE-582FA3E9A37A}.Release|Any CPU.ActiveCfg = Release|Any CPU
		{449A7458-2298-40DD-B1BE-582FA3E9A37A}.Release|Any CPU.Build.0 = Release|Any CPU
		{449A7458-2298-40DD-B1BE-582FA3E9A37A}.Release|x64.ActiveCfg = Release|Any CPU
		{449A7458-2298-40DD-B1BE-582FA3E9A37A}.Release|x64.Build.0 = Release|Any CPU
		{449A7458-2298-40DD-B1BE-582FA3E9A37A}.Release|x86.ActiveCfg = Release|Any CPU
		{449A7458-2298-40DD-B1BE-582FA3E9A37A}.Release|x86.Build.0 = Release|Any CPU
		{89FF995B-B3AE-4802-AF2A-653B1AF4CC0F}.Debug|Any CPU.ActiveCfg = Debug|Any CPU
		{89FF995B-B3AE-4802-AF2A-653B1AF4CC0F}.Debug|Any CPU.Build.0 = Debug|Any CPU
		{89FF995B-B3AE-4802-AF2A-653B1AF4CC0F}.Debug|x64.ActiveCfg = Debug|Any CPU
		{89FF995B-B3AE-4802-AF2A-653B1AF4CC0F}.Debug|x64.Build.0 = Debug|Any CPU
		{89FF995B-B3AE-4802-AF2A-653B1AF4CC0F}.Debug|x86.ActiveCfg = Debug|Any CPU
		{89FF995B-B3AE-4802-AF2A-653B1AF4CC0F}.Debug|x86.Build.0 = Debug|Any CPU
		{89FF995B-B3AE-4802-AF2A-653B1AF4CC0F}.Release|Any CPU.ActiveCfg = Release|Any CPU
		{89FF995B-B3AE-4802-AF2A-653B1AF4CC0F}.Release|Any CPU.Build.0 = Release|Any CPU
		{89FF995B-B3AE-4802-AF2A-653B1AF4CC0F}.Release|x64.ActiveCfg = Release|Any CPU
		{89FF995B-B3AE-4802-AF2A-653B1AF4CC0F}.Release|x64.Build.0 = Release|Any CPU
		{89FF995B-B3AE-4802-AF2A-653B1AF4CC0F}.Release|x86.ActiveCfg = Release|Any CPU
		{89FF995B-B3AE-4802-AF2A-653B1AF4CC0F}.Release|x86.Build.0 = Release|Any CPU
		{01D14110-3051-4EA3-A33E-D50DF2ED4BD2}.Debug|Any CPU.ActiveCfg = Debug|Any CPU
		{01D14110-3051-4EA3-A33E-D50DF2ED4BD2}.Debug|Any CPU.Build.0 = Debug|Any CPU
		{01D14110-3051-4EA3-A33E-D50DF2ED4BD2}.Debug|x64.ActiveCfg = Debug|Any CPU
		{01D14110-3051-4EA3-A33E-D50DF2ED4BD2}.Debug|x64.Build.0 = Debug|Any CPU
		{01D14110-3051-4EA3-A33E-D50DF2ED4BD2}.Debug|x86.ActiveCfg = Debug|Any CPU
		{01D14110-3051-4EA3-A33E-D50DF2ED4BD2}.Debug|x86.Build.0 = Debug|Any CPU
		{01D14110-3051-4EA3-A33E-D50DF2ED4BD2}.Release|Any CPU.ActiveCfg = Release|Any CPU
		{01D14110-3051-4EA3-A33E-D50DF2ED4BD2}.Release|Any CPU.Build.0 = Release|Any CPU
		{01D14110-3051-4EA3-A33E-D50DF2ED4BD2}.Release|x64.ActiveCfg = Release|Any CPU
		{01D14110-3051-4EA3-A33E-D50DF2ED4BD2}.Release|x64.Build.0 = Release|Any CPU
		{01D14110-3051-4EA3-A33E-D50DF2ED4BD2}.Release|x86.ActiveCfg = Release|Any CPU
		{01D14110-3051-4EA3-A33E-D50DF2ED4BD2}.Release|x86.Build.0 = Release|Any CPU
		{54BF71B1-4A23-0C10-866F-3FC31EA74B96}.Debug|Any CPU.ActiveCfg = Debug|Any CPU
		{54BF71B1-4A23-0C10-866F-3FC31EA74B96}.Debug|Any CPU.Build.0 = Debug|Any CPU
		{54BF71B1-4A23-0C10-866F-3FC31EA74B96}.Debug|x64.ActiveCfg = Debug|Any CPU
		{54BF71B1-4A23-0C10-866F-3FC31EA74B96}.Debug|x64.Build.0 = Debug|Any CPU
		{54BF71B1-4A23-0C10-866F-3FC31EA74B96}.Debug|x86.ActiveCfg = Debug|Any CPU
		{54BF71B1-4A23-0C10-866F-3FC31EA74B96}.Debug|x86.Build.0 = Debug|Any CPU
		{54BF71B1-4A23-0C10-866F-3FC31EA74B96}.Release|Any CPU.ActiveCfg = Release|Any CPU
		{54BF71B1-4A23-0C10-866F-3FC31EA74B96}.Release|Any CPU.Build.0 = Release|Any CPU
		{54BF71B1-4A23-0C10-866F-3FC31EA74B96}.Release|x64.ActiveCfg = Release|Any CPU
		{54BF71B1-4A23-0C10-866F-3FC31EA74B96}.Release|x64.Build.0 = Release|Any CPU
		{54BF71B1-4A23-0C10-866F-3FC31EA74B96}.Release|x86.ActiveCfg = Release|Any CPU
		{54BF71B1-4A23-0C10-866F-3FC31EA74B96}.Release|x86.Build.0 = Release|Any CPU
		{AC4D43E3-EF7F-D56A-1361-4EF882CFA59C}.Debug|Any CPU.ActiveCfg = Debug|Any CPU
		{AC4D43E3-EF7F-D56A-1361-4EF882CFA59C}.Debug|Any CPU.Build.0 = Debug|Any CPU
		{AC4D43E3-EF7F-D56A-1361-4EF882CFA59C}.Debug|x64.ActiveCfg = Debug|Any CPU
		{AC4D43E3-EF7F-D56A-1361-4EF882CFA59C}.Debug|x64.Build.0 = Debug|Any CPU
		{AC4D43E3-EF7F-D56A-1361-4EF882CFA59C}.Debug|x86.ActiveCfg = Debug|Any CPU
		{AC4D43E3-EF7F-D56A-1361-4EF882CFA59C}.Debug|x86.Build.0 = Debug|Any CPU
		{AC4D43E3-EF7F-D56A-1361-4EF882CFA59C}.Release|Any CPU.ActiveCfg = Release|Any CPU
		{AC4D43E3-EF7F-D56A-1361-4EF882CFA59C}.Release|Any CPU.Build.0 = Release|Any CPU
		{AC4D43E3-EF7F-D56A-1361-4EF882CFA59C}.Release|x64.ActiveCfg = Release|Any CPU
		{AC4D43E3-EF7F-D56A-1361-4EF882CFA59C}.Release|x64.Build.0 = Release|Any CPU
		{AC4D43E3-EF7F-D56A-1361-4EF882CFA59C}.Release|x86.ActiveCfg = Release|Any CPU
		{AC4D43E3-EF7F-D56A-1361-4EF882CFA59C}.Release|x86.Build.0 = Release|Any CPU
	EndGlobalSection
	GlobalSection(SolutionProperties) = preSolution
		HideSolutionNode = FALSE
	EndGlobalSection
	GlobalSection(NestedProjects) = preSolution
		{449A7458-2298-40DD-B1BE-582FA3E9A37A} = {827E0CD3-B72D-47B6-A68D-7590B98EB39B}
		{89FF995B-B3AE-4802-AF2A-653B1AF4CC0F} = {827E0CD3-B72D-47B6-A68D-7590B98EB39B}
		{01D14110-3051-4EA3-A33E-D50DF2ED4BD2} = {827E0CD3-B72D-47B6-A68D-7590B98EB39B}
		{54BF71B1-4A23-0C10-866F-3FC31EA74B96} = {827E0CD3-B72D-47B6-A68D-7590B98EB39B}
		{AC4D43E3-EF7F-D56A-1361-4EF882CFA59C} = {827E0CD3-B72D-47B6-A68D-7590B98EB39B}
	EndGlobalSection
	GlobalSection(ExtensibilityGlobals) = postSolution
		SolutionGuid = {FF87B580-0EB6-4C38-9C73-D286D3077465}
	EndGlobalSection
EndGlobal
